schema: '2.0'
stages:
  data_ingestion:
    cmd: python src/Classsification_of_Kidney_Disease/pipeline/stage_01_data_ingestion.py
    deps:
    - path: config/config.yaml
      hash: md5
      md5: 88f4e810774a74ed7af45f13fe9e87ed
      size: 564
    - path: src/Classsification_of_Kidney_Disease/pipeline/stage_01_data_ingestion.py
      hash: md5
      md5: 04baf32c1fc3e79e4eedb4a1f229d252
      size: 936
    outs:
    - path: artifacts/data_ingestion/CT-KIDNEY-DATASET-Normal-Cyst-Tumor-Stone
      hash: md5
      md5: ec42dfce2ae993cf49f6d499a389c93e.dir
      size: 1661580918
      nfiles: 12446
  prepare_base_model:
    cmd: python src/Classsification_of_Kidney_Disease/pipeline/stage_02_prepare_base_model.py
    deps:
    - path: config/config.yaml
      hash: md5
      md5: 88f4e810774a74ed7af45f13fe9e87ed
      size: 564
    - path: src/Classsification_of_Kidney_Disease/pipeline/stage_02_prepare_base_model.py
      hash: md5
      md5: d232d9c8206f6d0fa3ad092bd050745f
      size: 1029
    params:
      params.yaml:
        CLASSES: 2
        IMAGE_SIZE:
        - 224
        - 224
        - 3
        INCLUDE_TOP: false
        LEARNING_RATE: 0.01
        WEIGHTS: imagenet
    outs:
    - path: artifacts/prepare_base_model
      hash: md5
      md5: 8b38b491c677906e96d98c6225f9501f.dir
      size: 118059248
      nfiles: 2
  training:
    cmd: python src/Classsification_of_Kidney_Disease/pipeline/stage_03_model_training.py
    deps:
    - path: artifacts/data_ingestion/CT-KIDNEY-DATASET-Normal-Cyst-Tumor-Stone
      hash: md5
      md5: ec42dfce2ae993cf49f6d499a389c93e.dir
      size: 1661580918
      nfiles: 12446
    - path: artifacts/prepare_base_model
      hash: md5
      md5: 8b38b491c677906e96d98c6225f9501f.dir
      size: 118059248
      nfiles: 2
    - path: config/config.yaml
      hash: md5
      md5: 88f4e810774a74ed7af45f13fe9e87ed
      size: 564
    - path: src/Classsification_of_Kidney_Disease/pipeline/stage_03_model_training.py
      hash: md5
      md5: 8abf4e04fe3f09baed62a9c20e6bc11d
      size: 953
    params:
      params.yaml:
        AUGMENTATION: true
        BATCH_SIZE: 16
        EPOCHS: 1
        IMAGE_SIZE:
        - 224
        - 224
        - 3
    outs:
    - path: artifacts/training/model.h5
      hash: md5
      md5: 3b361c12b679541b305515df2b8ae0f8
      size: 59340720
  evaluation:
    cmd: python src/Classsification_of_Kidney_Disease/pipeline/stage_04_model_evaluation.py
    deps:
    - path: artifacts/data_ingestion/CT-KIDNEY-DATASET-Normal-Cyst-Tumor-Stone
      hash: md5
      md5: ec42dfce2ae993cf49f6d499a389c93e.dir
      size: 1661580918
      nfiles: 12446
    - path: artifacts/training/model.h5
      hash: md5
      md5: 3b361c12b679541b305515df2b8ae0f8
      size: 59340720
    - path: config/config.yaml
      hash: md5
      md5: 88f4e810774a74ed7af45f13fe9e87ed
      size: 564
    - path: src/Classsification_of_Kidney_Disease/pipeline/stage_04_model_evaluation.py
      hash: md5
      md5: 409e53dc8569c77cb60ae358d619dffb
      size: 844
    params:
      params.yaml:
        BATCH_SIZE: 16
        IMAGE_SIZE:
        - 224
        - 224
        - 3
    outs:
    - path: scores.json
      hash: md5
      md5: 6e6a10d27b8e46b3cbe18db121310b85
      size: 55
